{
  "version": "3",
  "packages": {
    "specifiers": {
      "jsr:@sgohlke/deno-web@^8.2.3": "jsr:@sgohlke/deno-web@8.2.4",
      "npm:@dreamit/graphql-server-base@2.3.1": "npm:@dreamit/graphql-server-base@2.3.1_graphql@16.8.1",
      "npm:@dreamit/graphql-server@4.8.0": "npm:@dreamit/graphql-server@4.8.0_@dreamit+graphql-server-base@2.3.1__graphql@16.8.1_graphql@16.8.1",
      "npm:graphql": "npm:graphql@16.8.1"
    },
    "jsr": {
      "@sgohlke/deno-web@8.2.4": {
        "integrity": "f6b62baa7b40af38d767fb54d6712cca00771529760bf97d415b75169a8c3566"
      }
    },
    "npm": {
      "@dreamit/graphql-server-base@2.3.1_graphql@16.8.1": {
        "integrity": "sha512-9vPrVceF1rLAAejcXgZaBWTWDhlkMBlphfb6+uaeR+u+e9D4RRspKUOTZaz29qZ5TaXVR6t3gRKbcPnf7o8XbQ==",
        "dependencies": {
          "graphql": "graphql@16.8.1"
        }
      },
      "@dreamit/graphql-server@4.8.0_@dreamit+graphql-server-base@2.3.1__graphql@16.8.1_graphql@16.8.1": {
        "integrity": "sha512-poJetxFUGwVpQGk9NaObUGE8VKS78YjknlTaNnGDDKkHQNSDcGQtcOuZ2flDVqEXPTFV5HlozH9zvoZPhwautQ==",
        "dependencies": {
          "@dreamit/graphql-server-base": "@dreamit/graphql-server-base@2.3.1_graphql@16.8.1",
          "graphql": "graphql@16.8.1"
        }
      },
      "graphql@16.8.1": {
        "integrity": "sha512-59LZHPdGZVh695Ud9lRzPBVTtlX9ZCV150Er2W43ro37wVof0ctenSaskPPjN7lVTIN8mSZt8PHUNKZuNQUuxw==",
        "dependencies": {}
      }
    }
  },
  "remote": {
    "https://deno.land/std@0.219.0/assert/_constants.ts": "a271e8ef5a573f1df8e822a6eb9d09df064ad66a4390f21b3e31f820a38e0975",
    "https://deno.land/std@0.219.0/assert/_diff.ts": "dcc63d94ca289aec80644030cf88ccbf7acaa6fbd7b0f22add93616b36593840",
    "https://deno.land/std@0.219.0/assert/_format.ts": "0ba808961bf678437fb486b56405b6fefad2cf87b5809667c781ddee8c32aff4",
    "https://deno.land/std@0.219.0/assert/assert.ts": "bec068b2fccdd434c138a555b19a2c2393b71dfaada02b7d568a01541e67cdc5",
    "https://deno.land/std@0.219.0/assert/assert_array_includes.ts": "1688d76317fd45b7e93ef9e2765f112fdf2b7c9821016cdfb380b9445374aed1",
    "https://deno.land/std@0.219.0/assert/assert_equals.ts": "4497c56fe7d2993b0d447926702802fc0becb44e319079e8eca39b482ee01b4e",
    "https://deno.land/std@0.219.0/assert/assert_string_includes.ts": "dfb072a890167146f8e5bdd6fde887ce4657098e9f71f12716ef37f35fb6f4a7",
    "https://deno.land/std@0.219.0/assert/assertion_error.ts": "9f689a101ee586c4ce92f52fa7ddd362e86434ffdf1f848e45987dc7689976b8",
    "https://deno.land/std@0.219.0/assert/equal.ts": "fae5e8a52a11d3ac694bbe1a53e13a7969e3f60791262312e91a3e741ae519e2",
    "https://deno.land/std@0.219.0/assert/fail.ts": "f310e51992bac8e54f5fd8e44d098638434b2edb802383690e0d7a9be1979f1c",
    "https://deno.land/std@0.219.0/fmt/colors.ts": "d239d84620b921ea520125d778947881f62c50e78deef2657073840b8af9559a",
    "https://raw.githubusercontent.com/sgohlke/deno-deps/main/deps.ts": "321d47f4ecbac37d0528574374b7a42b1dd5c32f8ddebeef9f8edc35640bdeb3"
  }
}
