{
  "version": "2",
  "remote": {
    "https://deno.land/std@0.181.0/async/abortable.ts": "fd682fa46f3b7b16b4606a5ab52a7ce309434b76f820d3221bdfb862719a15d7",
    "https://deno.land/std@0.181.0/async/deadline.ts": "c5facb0b404eede83e38bd2717ea8ab34faa2ffb20ef87fd261fcba32ba307aa",
    "https://deno.land/std@0.181.0/async/debounce.ts": "adab11d04ca38d699444ac8a9d9856b4155e8dda2afd07ce78276c01ea5a4332",
    "https://deno.land/std@0.181.0/async/deferred.ts": "42790112f36a75a57db4a96d33974a936deb7b04d25c6084a9fa8a49f135def8",
    "https://deno.land/std@0.181.0/async/delay.ts": "73aa04cec034c84fc748c7be49bb15cac3dd43a57174bfdb7a4aec22c248f0dd",
    "https://deno.land/std@0.181.0/async/mod.ts": "f04344fa21738e5ad6bea37a6bfffd57c617c2d372bb9f9dcfd118a1b622e576",
    "https://deno.land/std@0.181.0/async/mux_async_iterator.ts": "70c7f2ee4e9466161350473ad61cac0b9f115cff4c552eaa7ef9d50c4cbb4cc9",
    "https://deno.land/std@0.181.0/async/pool.ts": "fd082bd4aaf26445909889435a5c74334c017847842ec035739b4ae637ae8260",
    "https://deno.land/std@0.181.0/async/retry.ts": "dd19d93033d8eaddbfcb7654c0366e9d3b0a21448bdb06eba4a7d8a8cf936a92",
    "https://deno.land/std@0.181.0/async/tee.ts": "47e42d35f622650b02234d43803d0383a89eb4387e1b83b5a40106d18ae36757",
    "https://deno.land/std@0.181.0/fmt/colors.ts": "d67e3cd9f472535241a8e410d33423980bec45047e343577554d3356e1f0ef4e",
    "https://deno.land/std@0.181.0/http/server.ts": "cbb17b594651215ba95c01a395700684e569c165a567e4e04bba327f41197433",
    "https://deno.land/std@0.181.0/testing/_diff.ts": "1a3c044aedf77647d6cac86b798c6417603361b66b54c53331b312caeb447aea",
    "https://deno.land/std@0.181.0/testing/_format.ts": "a69126e8a469009adf4cf2a50af889aca364c349797e63174884a52ff75cf4c7",
    "https://deno.land/std@0.181.0/testing/asserts.ts": "e16d98b4d73ffc4ed498d717307a12500ae4f2cbe668f1a215632d19fcffc22f",
    "https://raw.githubusercontent.com/sgohlke/deno-web/1.0.1/deps.ts": "d67e31cdace0dc3abdccc680288a92ce1b57150ce4ea7d033f4c144b2d6cbc41",
    "https://raw.githubusercontent.com/sgohlke/deno-web/1.0.1/index.ts": "8b7d510eda560f58489924df525bcb87fbd66f9f01fd189d1bdd97c54effc1aa"
  },
  "npm": {
    "specifiers": {
      "@dreamit/graphql-server@3.3.0": "@dreamit/graphql-server@3.3.0_@sgohlke+graphql-prom-metrics@1.1.0__@sgohlke+graphql-server-base@1.0.0___graphql@16.6.0__prom-client@14.2.0__graphql@16.6.0_@sgohlke+graphql-server-base@1.0.0__graphql@16.6.0_graphql@16.6.0_prom-client@14.2.0",
      "graphql": "graphql@16.6.0",
      "prom-client": "prom-client@14.2.0"
    },
    "packages": {
      "@dreamit/graphql-server@3.3.0_@sgohlke+graphql-prom-metrics@1.1.0__@sgohlke+graphql-server-base@1.0.0___graphql@16.6.0__prom-client@14.2.0__graphql@16.6.0_@sgohlke+graphql-server-base@1.0.0__graphql@16.6.0_graphql@16.6.0_prom-client@14.2.0": {
        "integrity": "sha512-u8qJ7Smvj0LvXvrvPvw/E9DqtoimpBI+OjKWp6Uei0fRlkYk8xXamIWle4vBSfM+cR35BFAvPh69XnnZw5SyzQ==",
        "dependencies": {
          "@sgohlke/graphql-prom-metrics": "@sgohlke/graphql-prom-metrics@1.1.0_@sgohlke+graphql-server-base@1.0.0__graphql@16.6.0_prom-client@14.2.0_graphql@16.6.0",
          "@sgohlke/graphql-server-base": "@sgohlke/graphql-server-base@1.0.0_graphql@16.6.0",
          "graphql": "graphql@16.6.0"
        }
      },
      "@sgohlke/graphql-prom-metrics@1.1.0_@sgohlke+graphql-server-base@1.0.0__graphql@16.6.0_prom-client@14.2.0_graphql@16.6.0": {
        "integrity": "sha512-WZZV958SEpBsoEdQ79LrPoM9UActY+CJi3NrAI5Ovb/a6CVk8Ls7RNIDYlMYRJld8twd3uN66c/dTVR8+wVSJA==",
        "dependencies": {
          "@sgohlke/graphql-server-base": "@sgohlke/graphql-server-base@1.0.0_graphql@16.6.0",
          "prom-client": "prom-client@14.2.0"
        }
      },
      "@sgohlke/graphql-server-base@1.0.0_graphql@16.6.0": {
        "integrity": "sha512-B3rpa135XyzzCSazD3FgZQuirIqnaTkquaDrn260bI6B2NNtwYercjSop42V4M+jSUeJJSFzBWDZGiYLOmBoGw==",
        "dependencies": {
          "graphql": "graphql@16.6.0"
        }
      },
      "bintrees@1.0.2": {
        "integrity": "sha512-VOMgTMwjAaUG580SXn3LacVgjurrbMme7ZZNYGSSV7mmtY6QQRh0Eg3pwIcntQ77DErK1L0NxkbetjcoXzVwKw==",
        "dependencies": {}
      },
      "graphql@16.6.0": {
        "integrity": "sha512-KPIBPDlW7NxrbT/eh4qPXz5FiFdL5UbaA0XUNz2Rp3Z3hqBSkbj0GVjwFDztsWVauZUWsbKHgMg++sk8UX0bkw==",
        "dependencies": {}
      },
      "prom-client@14.2.0": {
        "integrity": "sha512-sF308EhTenb/pDRPakm+WgiN+VdM/T1RaHj1x+MvAuT8UiQP8JmOEbxVqtkbfR4LrvOg5n7ic01kRBDGXjYikA==",
        "dependencies": {
          "tdigest": "tdigest@0.1.2"
        }
      },
      "tdigest@0.1.2": {
        "integrity": "sha512-+G0LLgjjo9BZX2MfdvPfH+MKLCrxlXSYec5DaPYP1fe6Iyhf0/fSmJ0bFiZ1F8BT6cGXl2LpltQptzjXKWEkKA==",
        "dependencies": {
          "bintrees": "bintrees@1.0.2"
        }
      }
    }
  }
}
